github.com/mattstruble/hugo-theme-catpuccin v0.0.0-20241028212819-98e772251cc5 h1:bII9gaG6Erz7qeuv4/HeODSbscX4hDF5WNxAxnuBmoI=
github.com/mattstruble/hugo-theme-catpuccin v0.0.0-20241028212819-98e772251cc5/go.mod h1:gjLMYImoXRYL6NerP/8qESERMQWcnVBV1AZ09ds3qqc=
github.com/schnerring/hugo-mod-json-resume v0.0.0-20241103032848-c53b1f47deca h1:K3ssLkcgBpb/j189koHkGMWRrVBuHMb6FbxvRIh4UeQ=
github.com/schnerring/hugo-mod-json-resume v0.0.0-20241103032848-c53b1f47deca/go.mod h1:sOjpBNFN9mITtxiRXl5oh+oeruYImPOgOH1j0Nf3GSY=
