github.com/mattstruble/hugo-theme-catpuccin v0.0.0-20241104135554-064a47e07f32 h1:8ms+5J87b9V8nmk849PfY/TTy0rzJQ4WklvoDEthWc8=
github.com/mattstruble/hugo-theme-catpuccin v0.0.0-20241104135554-064a47e07f32/go.mod h1:kB/CxIqlpVbISScICPlK/a3U5JcapVWlwfxmby8D/bY=
github.com/schnerring/hugo-mod-json-resume v0.0.0-20241103032848-c53b1f47deca h1:K3ssLkcgBpb/j189koHkGMWRrVBuHMb6FbxvRIh4UeQ=
github.com/schnerring/hugo-mod-json-resume v0.0.0-20241103032848-c53b1f47deca/go.mod h1:sOjpBNFN9mITtxiRXl5oh+oeruYImPOgOH1j0Nf3GSY=
